{
    "name": "cognito-backup-tools",
    "version": "1.0.0",
    "lockfileVersion": 2,
    "requires": true,
    "packages": {
        "": {
            "name": "cognito-backup-tools",
            "version": "1.0.0",
            "dependencies": {
                "stream": "^0.0.2"
            },
            "devDependencies": {
                "typescript": "~3.9.7"
            }
        },
        "node_modules/emitter-component": {
            "version": "1.1.1",
            "resolved": "https://registry.npmjs.org/emitter-component/-/emitter-component-1.1.1.tgz",
            "integrity": "sha1-Bl4tvtaVm/RwZ57avq95gdEAOrY="
        },
        "node_modules/stream": {
            "version": "0.0.2",
            "resolved": "https://registry.npmjs.org/stream/-/stream-0.0.2.tgz",
            "integrity": "sha1-f1Nj8Ff2WSxVlfALyAon9c7B8O8=",
            "dependencies": {
                "emitter-component": "^1.1.1"
            }
        },
        "node_modules/typescript": {
            "version": "3.9.10",
            "resolved": "https://registry.npmjs.org/typescript/-/typescript-3.9.10.tgz",
            "integrity": "sha512-w6fIxVE/H1PkLKcCPsFqKE7Kv7QUwhU8qQY2MueZXWx5cPZdwFupLgKK3vntcK98BtNHZtAF4LA/yl2a7k8R6Q==",
            "dev": true,
            "bin": {
                "tsc": "bin/tsc",
                "tsserver": "bin/tsserver"
            },
            "engines": {
                "node": ">=4.2.0"
            }
        }
    },
    "dependencies": {
        "emitter-component": {
            "version": "1.1.1",
            "resolved": "https://registry.npmjs.org/emitter-component/-/emitter-component-1.1.1.tgz",
            "integrity": "sha1-Bl4tvtaVm/RwZ57avq95gdEAOrY="
        },
        "stream": {
            "version": "0.0.2",
            "resolved": "https://registry.npmjs.org/stream/-/stream-0.0.2.tgz",
            "integrity": "sha1-f1Nj8Ff2WSxVlfALyAon9c7B8O8=",
            "requires": {
                "emitter-component": "^1.1.1"
            }
        },
        "typescript": {
            "version": "3.9.10",
            "resolved": "https://registry.npmjs.org/typescript/-/typescript-3.9.10.tgz",
            "integrity": "sha512-w6fIxVE/H1PkLKcCPsFqKE7Kv7QUwhU8qQY2MueZXWx5cPZdwFupLgKK3vntcK98BtNHZtAF4LA/yl2a7k8R6Q==",
            "dev": true
        }
    }
}
